Microsoft Visual Studio Solution File, Format Version 12.00
# Visual Studio Version 17
VisualStudioVersion = 17.5.2.0
MinimumVisualStudioVersion = 10.0.40219.1
Project("{2150E333-8FDC-42A3-9474-1A3956D46DE8}") = "client", "client", "{2CB42F12-E813-91B3-7D11-3220E40BEF4A}"
EndProject
Project("{FAE04EC0-301F-11D3-BF4B-00C04F79EFBC}") = "CodeExplainer", "client\CodeExplainer.csproj", "{19C7C49C-8370-9315-E8F6-0191237A7D96}"
EndProject
Global
	GlobalSection(SolutionConfigurationPlatforms) = preSolution
		Debug|Any CPU = Debug|Any CPU
		Release|Any CPU = Release|Any CPU
	EndGlobalSection
	GlobalSection(ProjectConfigurationPlatforms) = postSolution
		{19C7C49C-8370-9315-E8F6-0191237A7D96}.Debug|Any CPU.ActiveCfg = Debug|Any CPU
		{19C7C49C-8370-9315-E8F6-0191237A7D96}.Debug|Any CPU.Build.0 = Debug|Any CPU
		{19C7C49C-8370-9315-E8F6-0191237A7D96}.Release|Any CPU.ActiveCfg = Release|Any CPU
		{19C7C49C-8370-9315-E8F6-0191237A7D96}.Release|Any CPU.Build.0 = Release|Any CPU
	EndGlobalSection
	GlobalSection(SolutionProperties) = preSolution
		HideSolutionNode = FALSE
	EndGlobalSection
	GlobalSection(NestedProjects) = preSolution
		{19C7C49C-8370-9315-E8F6-0191237A7D96} = {2CB42F12-E813-91B3-7D11-3220E40BEF4A}
	EndGlobalSection
	GlobalSection(ExtensibilityGlobals) = postSolution
		SolutionGuid = {3B01AB3F-41DB-4ECD-ABEC-D079D3FE4C21}
	EndGlobalSection
EndGlobal
